
Microsoft Visual Studio Solution File, Format Version 12.00
# Visual Studio 15
VisualStudioVersion = 15.0.26730.16
MinimumVisualStudioVersion = 10.0.40219.1
Project("{FAE04EC0-301F-11D3-BF4B-00C04F79EFBC}") = "Directory集合", "Directory集合\Directory集合.csproj", "{AC43D945-127F-4A81-B96D-33EDFB95BB84}"
EndProject
Global
	GlobalSection(SolutionConfigurationPlatforms) = preSolution
		Debug|Any CPU = Debug|Any CPU
		Release|Any CPU = Release|Any CPU
	EndGlobalSection
	GlobalSection(ProjectConfigurationPlatforms) = postSolution
		{AC43D945-127F-4A81-B96D-33EDFB95BB84}.Debug|Any CPU.ActiveCfg = Debug|Any CPU
		{AC43D945-127F-4A81-B96D-33EDFB95BB84}.Debug|Any CPU.Build.0 = Debug|Any CPU
		{AC43D945-127F-4A81-B96D-33EDFB95BB84}.Release|Any CPU.ActiveCfg = Release|Any CPU
		{AC43D945-127F-4A81-B96D-33EDFB95BB84}.Release|Any CPU.Build.0 = Release|Any CPU
	EndGlobalSection
	GlobalSection(SolutionProperties) = preSolution
		HideSolutionNode = FALSE
	EndGlobalSection
	GlobalSection(ExtensibilityGlobals) = postSolution
		SolutionGuid = {5D6A4C72-E439-4747-B5B2-647B315B0998}
	EndGlobalSection
EndGlobal
