
Microsoft Visual Studio Solution File, Format Version 12.00
# Visual Studio 15
VisualStudioVersion = 15.0.26730.16
MinimumVisualStudioVersion = 10.0.40219.1
Project("{FAE04EC0-301F-11D3-BF4B-00C04F79EFBC}") = "MD5加密", "MD5加密\MD5加密.csproj", "{1ECDF403-7ED7-41E0-846D-D4A0A4BBADE1}"
EndProject
Global
	GlobalSection(SolutionConfigurationPlatforms) = preSolution
		Debug|Any CPU = Debug|Any CPU
		Release|Any CPU = Release|Any CPU
	EndGlobalSection
	GlobalSection(ProjectConfigurationPlatforms) = postSolution
		{1ECDF403-7ED7-41E0-846D-D4A0A4BBADE1}.Debug|Any CPU.ActiveCfg = Debug|Any CPU
		{1ECDF403-7ED7-41E0-846D-D4A0A4BBADE1}.Debug|Any CPU.Build.0 = Debug|Any CPU
		{1ECDF403-7ED7-41E0-846D-D4A0A4BBADE1}.Release|Any CPU.ActiveCfg = Release|Any CPU
		{1ECDF403-7ED7-41E0-846D-D4A0A4BBADE1}.Release|Any CPU.Build.0 = Release|Any CPU
	EndGlobalSection
	GlobalSection(SolutionProperties) = preSolution
		HideSolutionNode = FALSE
	EndGlobalSection
	GlobalSection(ExtensibilityGlobals) = postSolution
		SolutionGuid = {3590EDBB-97D4-4576-BE45-9298FBAEB244}
	EndGlobalSection
EndGlobal
