
Microsoft Visual Studio Solution File, Format Version 12.00
# Visual Studio 15
VisualStudioVersion = 15.0.26730.16
MinimumVisualStudioVersion = 10.0.40219.1
Project("{FAE04EC0-301F-11D3-BF4B-00C04F79EFBC}") = "MDI容器", "MDI容器.csproj", "{503BD641-9ADF-4886-B4C0-7F30DBE0DDE6}"
EndProject
Global
	GlobalSection(SolutionConfigurationPlatforms) = preSolution
		Debug|Any CPU = Debug|Any CPU
		Release|Any CPU = Release|Any CPU
	EndGlobalSection
	GlobalSection(ProjectConfigurationPlatforms) = postSolution
		{503BD641-9ADF-4886-B4C0-7F30DBE0DDE6}.Debug|Any CPU.ActiveCfg = Debug|Any CPU
		{503BD641-9ADF-4886-B4C0-7F30DBE0DDE6}.Debug|Any CPU.Build.0 = Debug|Any CPU
		{503BD641-9ADF-4886-B4C0-7F30DBE0DDE6}.Release|Any CPU.ActiveCfg = Release|Any CPU
		{503BD641-9ADF-4886-B4C0-7F30DBE0DDE6}.Release|Any CPU.Build.0 = Release|Any CPU
	EndGlobalSection
	GlobalSection(SolutionProperties) = preSolution
		HideSolutionNode = FALSE
	EndGlobalSection
	GlobalSection(ExtensibilityGlobals) = postSolution
		SolutionGuid = {AE2FE3D5-AE80-4E72-9882-D01D2621513D}
	EndGlobalSection
EndGlobal
